
Microsoft Visual Studio Solution File, Format Version 12.00
# Visual Studio Version 17
VisualStudioVersion = 17.3.32825.248
MinimumVisualStudioVersion = 10.0.40219.1
Project("{FAE04EC0-301F-11D3-BF4B-00C04F79EFBC}") = "Event_Calender api", "Event_Calender api\Event_Calender api.csproj", "{CA0211B2-7E3E-4C0B-969F-07E481A730D7}"
EndProject
Global
	GlobalSection(SolutionConfigurationPlatforms) = preSolution
		Debug|Any CPU = Debug|Any CPU
		Release|Any CPU = Release|Any CPU
	EndGlobalSection
	GlobalSection(ProjectConfigurationPlatforms) = postSolution
		{CA0211B2-7E3E-4C0B-969F-07E481A730D7}.Debug|Any CPU.ActiveCfg = Debug|Any CPU
		{CA0211B2-7E3E-4C0B-969F-07E481A730D7}.Debug|Any CPU.Build.0 = Debug|Any CPU
		{CA0211B2-7E3E-4C0B-969F-07E481A730D7}.Release|Any CPU.ActiveCfg = Release|Any CPU
		{CA0211B2-7E3E-4C0B-969F-07E481A730D7}.Release|Any CPU.Build.0 = Release|Any CPU
	EndGlobalSection
	GlobalSection(SolutionProperties) = preSolution
		HideSolutionNode = FALSE
	EndGlobalSection
	GlobalSection(ExtensibilityGlobals) = postSolution
		SolutionGuid = {2D12AEBD-6DC4-4D55-AF7D-5573ADA1242C}
	EndGlobalSection
EndGlobal
